
Microsoft Visual Studio Solution File, Format Version 12.00
# Visual Studio 2012
Project("{FAE04EC0-301F-11D3-BF4B-00C04F79EFBC}") = "newLab2", "newLab2\newLab2.csproj", "{52DB8C29-4C75-4794-8747-045E272D188B}"
EndProject
Global
	GlobalSection(SolutionConfigurationPlatforms) = preSolution
		Debug|x86 = Debug|x86
		Release|x86 = Release|x86
	EndGlobalSection
	GlobalSection(ProjectConfigurationPlatforms) = postSolution
		{52DB8C29-4C75-4794-8747-045E272D188B}.Debug|x86.ActiveCfg = Debug|x86
		{52DB8C29-4C75-4794-8747-045E272D188B}.Debug|x86.Build.0 = Debug|x86
		{52DB8C29-4C75-4794-8747-045E272D188B}.Release|x86.ActiveCfg = Release|x86
		{52DB8C29-4C75-4794-8747-045E272D188B}.Release|x86.Build.0 = Release|x86
	EndGlobalSection
EndGlobal
